
Microsoft Visual Studio Solution File, Format Version 12.00
# Visual Studio Version 16
VisualStudioVersion = 16.0.32929.386
MinimumVisualStudioVersion = 10.0.40219.1
Project("{FAE04EC0-301F-11D3-BF4B-00C04F79EFBC}") = "功能测试", "功能测试\功能测试.csproj", "{4629E163-AD23-4820-9573-F4947EE53CB6}"
EndProject
Project("{FAE04EC0-301F-11D3-BF4B-00C04F79EFBC}") = "功能测试01", "功能测试01\功能测试01.csproj", "{D50B3C7C-3EA1-4598-AFB7-84C11BA04B55}"
EndProject
Project("{FAE04EC0-301F-11D3-BF4B-00C04F79EFBC}") = "值参数", "值参数\值参数.csproj", "{E7570EAB-EF76-4DDA-8FDB-B8FACAAF38CE}"
EndProject
Project("{FAE04EC0-301F-11D3-BF4B-00C04F79EFBC}") = "引用参数", "引用参数\引用参数.csproj", "{200F3F89-AEF2-455A-B338-BCC9070F60AA}"
EndProject
Project("{FAE04EC0-301F-11D3-BF4B-00C04F79EFBC}") = "输出参数", "输出参数\输出参数.csproj", "{7DFA0215-2B44-4148-9876-F3F4657404E3}"
EndProject
Global
	GlobalSection(SolutionConfigurationPlatforms) = preSolution
		Debug|Any CPU = Debug|Any CPU
		Release|Any CPU = Release|Any CPU
	EndGlobalSection
	GlobalSection(ProjectConfigurationPlatforms) = postSolution
		{4629E163-AD23-4820-9573-F4947EE53CB6}.Debug|Any CPU.ActiveCfg = Debug|Any CPU
		{4629E163-AD23-4820-9573-F4947EE53CB6}.Debug|Any CPU.Build.0 = Debug|Any CPU
		{4629E163-AD23-4820-9573-F4947EE53CB6}.Release|Any CPU.ActiveCfg = Release|Any CPU
		{4629E163-AD23-4820-9573-F4947EE53CB6}.Release|Any CPU.Build.0 = Release|Any CPU
		{D50B3C7C-3EA1-4598-AFB7-84C11BA04B55}.Debug|Any CPU.ActiveCfg = Debug|Any CPU
		{D50B3C7C-3EA1-4598-AFB7-84C11BA04B55}.Debug|Any CPU.Build.0 = Debug|Any CPU
		{D50B3C7C-3EA1-4598-AFB7-84C11BA04B55}.Release|Any CPU.ActiveCfg = Release|Any CPU
		{D50B3C7C-3EA1-4598-AFB7-84C11BA04B55}.Release|Any CPU.Build.0 = Release|Any CPU
		{E7570EAB-EF76-4DDA-8FDB-B8FACAAF38CE}.Debug|Any CPU.ActiveCfg = Debug|Any CPU
		{E7570EAB-EF76-4DDA-8FDB-B8FACAAF38CE}.Debug|Any CPU.Build.0 = Debug|Any CPU
		{E7570EAB-EF76-4DDA-8FDB-B8FACAAF38CE}.Release|Any CPU.ActiveCfg = Release|Any CPU
		{E7570EAB-EF76-4DDA-8FDB-B8FACAAF38CE}.Release|Any CPU.Build.0 = Release|Any CPU
		{200F3F89-AEF2-455A-B338-BCC9070F60AA}.Debug|Any CPU.ActiveCfg = Debug|Any CPU
		{200F3F89-AEF2-455A-B338-BCC9070F60AA}.Debug|Any CPU.Build.0 = Debug|Any CPU
		{200F3F89-AEF2-455A-B338-BCC9070F60AA}.Release|Any CPU.ActiveCfg = Release|Any CPU
		{200F3F89-AEF2-455A-B338-BCC9070F60AA}.Release|Any CPU.Build.0 = Release|Any CPU
		{7DFA0215-2B44-4148-9876-F3F4657404E3}.Debug|Any CPU.ActiveCfg = Debug|Any CPU
		{7DFA0215-2B44-4148-9876-F3F4657404E3}.Debug|Any CPU.Build.0 = Debug|Any CPU
		{7DFA0215-2B44-4148-9876-F3F4657404E3}.Release|Any CPU.ActiveCfg = Release|Any CPU
		{7DFA0215-2B44-4148-9876-F3F4657404E3}.Release|Any CPU.Build.0 = Release|Any CPU
	EndGlobalSection
	GlobalSection(SolutionProperties) = preSolution
		HideSolutionNode = FALSE
	EndGlobalSection
	GlobalSection(ExtensibilityGlobals) = postSolution
		SolutionGuid = {78F70335-74E8-4A60-AFF7-6DA5CC3BF731}
	EndGlobalSection
EndGlobal
